
Microsoft Visual Studio Solution File, Format Version 12.00
# Visual Studio Version 17
VisualStudioVersion = 17.4.33110.190
MinimumVisualStudioVersion = 10.0.40219.1
Project("{FAE04EC0-301F-11D3-BF4B-00C04F79EFBC}") = "HenryMedsTakeHome", "HenryMedsTakeHome\HenryMedsTakeHome.csproj", "{BB223418-D38D-44E3-B11F-7394237104EC}"
EndProject
Global
	GlobalSection(SolutionConfigurationPlatforms) = preSolution
		Debug|Any CPU = Debug|Any CPU
		Release|Any CPU = Release|Any CPU
	EndGlobalSection
	GlobalSection(ProjectConfigurationPlatforms) = postSolution
		{BB223418-D38D-44E3-B11F-7394237104EC}.Debug|Any CPU.ActiveCfg = Debug|Any CPU
		{BB223418-D38D-44E3-B11F-7394237104EC}.Debug|Any CPU.Build.0 = Debug|Any CPU
		{BB223418-D38D-44E3-B11F-7394237104EC}.Release|Any CPU.ActiveCfg = Release|Any CPU
		{BB223418-D38D-44E3-B11F-7394237104EC}.Release|Any CPU.Build.0 = Release|Any CPU
	EndGlobalSection
	GlobalSection(SolutionProperties) = preSolution
		HideSolutionNode = FALSE
	EndGlobalSection
	GlobalSection(ExtensibilityGlobals) = postSolution
		SolutionGuid = {6B6034C0-7889-4257-95E7-E2CBB7E56FF0}
	EndGlobalSection
EndGlobal
